
Microsoft Visual Studio Solution File, Format Version 12.00
Project("{FAE04EC0-301F-11D3-BF4B-00C04F79EFBC}") = "OGLT", "OGLT\OGLT.csproj", "{A32F86BF-962A-4075-AFCF-57D7E925AB4F}"
EndProject
Global
	GlobalSection(SolutionConfigurationPlatforms) = preSolution
		Debug|Any CPU = Debug|Any CPU
		Release|Any CPU = Release|Any CPU
	EndGlobalSection
	GlobalSection(ProjectConfigurationPlatforms) = postSolution
		{A32F86BF-962A-4075-AFCF-57D7E925AB4F}.Debug|Any CPU.ActiveCfg = Debug|Any CPU
		{A32F86BF-962A-4075-AFCF-57D7E925AB4F}.Debug|Any CPU.Build.0 = Debug|Any CPU
		{A32F86BF-962A-4075-AFCF-57D7E925AB4F}.Release|Any CPU.ActiveCfg = Release|Any CPU
		{A32F86BF-962A-4075-AFCF-57D7E925AB4F}.Release|Any CPU.Build.0 = Release|Any CPU
	EndGlobalSection
EndGlobal
